
Microsoft Visual Studio Solution File, Format Version 12.00
# Visual Studio Version 16
VisualStudioVersion = 16.0.31129.286
MinimumVisualStudioVersion = 10.0.40219.1
Project("{FAE04EC0-301F-11D3-BF4B-00C04F79EFBC}") = "proyecto", "proyecto\proyecto.csproj", "{CD698322-C8C8-40C9-952B-0CD8BB57EEBA}"
EndProject
Global
	GlobalSection(SolutionConfigurationPlatforms) = preSolution
		Debug|Any CPU = Debug|Any CPU
		Release|Any CPU = Release|Any CPU
	EndGlobalSection
	GlobalSection(ProjectConfigurationPlatforms) = postSolution
		{CD698322-C8C8-40C9-952B-0CD8BB57EEBA}.Debug|Any CPU.ActiveCfg = Debug|Any CPU
		{CD698322-C8C8-40C9-952B-0CD8BB57EEBA}.Debug|Any CPU.Build.0 = Debug|Any CPU
		{CD698322-C8C8-40C9-952B-0CD8BB57EEBA}.Release|Any CPU.ActiveCfg = Release|Any CPU
		{CD698322-C8C8-40C9-952B-0CD8BB57EEBA}.Release|Any CPU.Build.0 = Release|Any CPU
	EndGlobalSection
	GlobalSection(SolutionProperties) = preSolution
		HideSolutionNode = FALSE
	EndGlobalSection
	GlobalSection(ExtensibilityGlobals) = postSolution
		SolutionGuid = {DE864E45-40B4-4B58-A686-01A1B1FC7E84}
	EndGlobalSection
EndGlobal
